// !$*UTF8*$!
{
	archiveVersion = 1;
	classes = {
	};
	objectVersion = 46;
	objects = {

/* Begin PBXBuildFile section */
		1E89B195F2870509A468AEF7 /* Pods_TreeToTree.framework in Frameworks */ = {isa = PBXBuildFile; fileRef = 245E3267B9CC27D8412FEAAE /* Pods_TreeToTree.framework */; };
		3F77D1474426E7AFD3BB13F2 /* Pods_TreeToTreeTests.framework in Frameworks */ = {isa = PBXBuildFile; fileRef = 2B3D647490C01E4C67F34E13 /* Pods_TreeToTreeTests.framework */; };
		8232B7CD207AC56200D0C5AF /* AppDelegate.swift in Sources */ = {isa = PBXBuildFile; fileRef = 8232B7CC207AC56200D0C5AF /* AppDelegate.swift */; };
		8232B7CF207AC56200D0C5AF /* InitialViewController.swift in Sources */ = {isa = PBXBuildFile; fileRef = 8232B7CE207AC56200D0C5AF /* InitialViewController.swift */; };
		8232B7D2207AC56200D0C5AF /* Main.storyboard in Resources */ = {isa = PBXBuildFile; fileRef = 8232B7D0207AC56200D0C5AF /* Main.storyboard */; };
		8232B7D4207AC56200D0C5AF /* Assets.xcassets in Resources */ = {isa = PBXBuildFile; fileRef = 8232B7D3207AC56200D0C5AF /* Assets.xcassets */; };
		8232B7D7207AC56200D0C5AF /* LaunchScreen.storyboard in Resources */ = {isa = PBXBuildFile; fileRef = 8232B7D5207AC56200D0C5AF /* LaunchScreen.storyboard */; };
		8232B7E2207AC56300D0C5AF /* TreeToTreeTests.swift in Sources */ = {isa = PBXBuildFile; fileRef = 8232B7E1207AC56300D0C5AF /* TreeToTreeTests.swift */; };
		8232B7ED207AC56300D0C5AF /* TreeToTreeUITests.swift in Sources */ = {isa = PBXBuildFile; fileRef = 8232B7EC207AC56300D0C5AF /* TreeToTreeUITests.swift */; };
		82F2DDF8208FCF6D00196C9B /* Search.swift in Sources */ = {isa = PBXBuildFile; fileRef = 82F2DDF7208FCF6D00196C9B /* Search.swift */; };
		9939FFEC2083FE17008348AF /* EventPageViewController.swift in Sources */ = {isa = PBXBuildFile; fileRef = 9939FFEB2083FE17008348AF /* EventPageViewController.swift */; };
		9939FFEE20840487008348AF /* EventBrowserController.swift in Sources */ = {isa = PBXBuildFile; fileRef = 9939FFED20840487008348AF /* EventBrowserController.swift */; };
		9939FFF320842F23008348AF /* EventBrowserCell.swift in Sources */ = {isa = PBXBuildFile; fileRef = 9939FFF120842F23008348AF /* EventBrowserCell.swift */; };
		993BF7C1208DBC94000EB26C /* UserFriendsTableViewController.swift in Sources */ = {isa = PBXBuildFile; fileRef = 993BF7C0208DBC94000EB26C /* UserFriendsTableViewController.swift */; };
		993BF7C3208DBE9E000EB26C /* PersonCell.swift in Sources */ = {isa = PBXBuildFile; fileRef = 993BF7C2208DBE9E000EB26C /* PersonCell.swift */; };
		993BF7C5208DC23C000EB26C /* ProfilePageViewController.swift in Sources */ = {isa = PBXBuildFile; fileRef = 993BF7C4208DC23C000EB26C /* ProfilePageViewController.swift */; };
		99498723208E78C100C938B4 /* SearchViewController.swift in Sources */ = {isa = PBXBuildFile; fileRef = 99498722208E78C100C938B4 /* SearchViewController.swift */; };
		997A3598208DC3D300ED0969 /* Person.swift in Sources */ = {isa = PBXBuildFile; fileRef = 997A3597208DC3D300ED0969 /* Person.swift */; };
		99EF2395208DD2FA00A52449 /* EventPersonCell.swift in Sources */ = {isa = PBXBuildFile; fileRef = 99EF2394208DD2FA00A52449 /* EventPersonCell.swift */; };
		99FE475C2099608A00A3E30A /* API.swift in Sources */ = {isa = PBXBuildFile; fileRef = 99FE475B2099608A00A3E30A /* API.swift */; };
		99FE475E209960FD00A3E30A /* GoogleService-Info.plist in Resources */ = {isa = PBXBuildFile; fileRef = 99FE475D209960FC00A3E30A /* GoogleService-Info.plist */; };
		99FE475F209960FD00A3E30A /* GoogleService-Info.plist in Resources */ = {isa = PBXBuildFile; fileRef = 99FE475D209960FC00A3E30A /* GoogleService-Info.plist */; };
		99FE4760209960FD00A3E30A /* GoogleService-Info.plist in Resources */ = {isa = PBXBuildFile; fileRef = 99FE475D209960FC00A3E30A /* GoogleService-Info.plist */; };
		99FE4762209963A400A3E30A /* CreateEvents.swift in Sources */ = {isa = PBXBuildFile; fileRef = 99FE4761209963A400A3E30A /* CreateEvents.swift */; };
		99FE4763209963A400A3E30A /* CreateEvents.swift in Sources */ = {isa = PBXBuildFile; fileRef = 99FE4761209963A400A3E30A /* CreateEvents.swift */; };
		99FE4764209963A400A3E30A /* CreateEvents.swift in Sources */ = {isa = PBXBuildFile; fileRef = 99FE4761209963A400A3E30A /* CreateEvents.swift */; };
		AD3A7669208D957E005CE7EC /* EventPeople.swift in Sources */ = {isa = PBXBuildFile; fileRef = AD3A7668208D957E005CE7EC /* EventPeople.swift */; };
		AD93DFC42092B8F200E091D8 /* GroupPageViewController.swift in Sources */ = {isa = PBXBuildFile; fileRef = AD93DFC32092B8F200E091D8 /* GroupPageViewController.swift */; };
		AD93DFC62092C59B00E091D8 /* GroupPageCell.swift in Sources */ = {isa = PBXBuildFile; fileRef = AD93DFC52092C59B00E091D8 /* GroupPageCell.swift */; };
		AD99851D20AD214200F88F77 /* UserProfileCell.swift in Sources */ = {isa = PBXBuildFile; fileRef = AD99851C20AD214200F88F77 /* UserProfileCell.swift */; };
		ADC7D7CA2086DEB300547CC1 /* Event.swift in Sources */ = {isa = PBXBuildFile; fileRef = ADC7D7C92086DEB300547CC1 /* Event.swift */; };
		ADFF0771208D9823001E8C43 /* Filter.swift in Sources */ = {isa = PBXBuildFile; fileRef = ADFF0770208D9823001E8C43 /* Filter.swift */; };
		ADFF0773208D9D51001E8C43 /* UserEvents.swift in Sources */ = {isa = PBXBuildFile; fileRef = ADFF0772208D9D51001E8C43 /* UserEvents.swift */; };
		ADFF0775208D9DA3001E8C43 /* UserGroups.swift in Sources */ = {isa = PBXBuildFile; fileRef = ADFF0774208D9DA3001E8C43 /* UserGroups.swift */; };
		ADFF0777208D9E0D001E8C43 /* UserProfile.swift in Sources */ = {isa = PBXBuildFile; fileRef = ADFF0776208D9E0D001E8C43 /* UserProfile.swift */; };
		F87166A8CCB3983FF1058059 /* Pods_TreeToTreeUITests.framework in Frameworks */ = {isa = PBXBuildFile; fileRef = 98E33B3C4435D73C892D99C0 /* Pods_TreeToTreeUITests.framework */; };
/* End PBXBuildFile section */

/* Begin PBXContainerItemProxy section */
		8232B7DE207AC56300D0C5AF /* PBXContainerItemProxy */ = {
			isa = PBXContainerItemProxy;
			containerPortal = 8232B7C1207AC56200D0C5AF /* Project object */;
			proxyType = 1;
			remoteGlobalIDString = 8232B7C8207AC56200D0C5AF;
			remoteInfo = TreeToTree;
		};
		8232B7E9207AC56300D0C5AF /* PBXContainerItemProxy */ = {
			isa = PBXContainerItemProxy;
			containerPortal = 8232B7C1207AC56200D0C5AF /* Project object */;
			proxyType = 1;
			remoteGlobalIDString = 8232B7C8207AC56200D0C5AF;
			remoteInfo = TreeToTree;
		};
/* End PBXContainerItemProxy section */

/* Begin PBXFileReference section */
		245E3267B9CC27D8412FEAAE /* Pods_TreeToTree.framework */ = {isa = PBXFileReference; explicitFileType = wrapper.framework; includeInIndex = 0; path = Pods_TreeToTree.framework; sourceTree = BUILT_PRODUCTS_DIR; };
		2B3D647490C01E4C67F34E13 /* Pods_TreeToTreeTests.framework */ = {isa = PBXFileReference; explicitFileType = wrapper.framework; includeInIndex = 0; path = Pods_TreeToTreeTests.framework; sourceTree = BUILT_PRODUCTS_DIR; };
		6BFDE078979881F3207F2E54 /* Pods-TreeToTreeUITests.debug.xcconfig */ = {isa = PBXFileReference; includeInIndex = 1; lastKnownFileType = text.xcconfig; name = "Pods-TreeToTreeUITests.debug.xcconfig"; path = "Pods/Target Support Files/Pods-TreeToTreeUITests/Pods-TreeToTreeUITests.debug.xcconfig"; sourceTree = "<group>"; };
		6D70B77E4B1573A55CEDE982 /* Pods-TreeToTreeUITests.release.xcconfig */ = {isa = PBXFileReference; includeInIndex = 1; lastKnownFileType = text.xcconfig; name = "Pods-TreeToTreeUITests.release.xcconfig"; path = "Pods/Target Support Files/Pods-TreeToTreeUITests/Pods-TreeToTreeUITests.release.xcconfig"; sourceTree = "<group>"; };
		797616AC53D12203167710F5 /* Pods-TreeToTreeTests.debug.xcconfig */ = {isa = PBXFileReference; includeInIndex = 1; lastKnownFileType = text.xcconfig; name = "Pods-TreeToTreeTests.debug.xcconfig"; path = "Pods/Target Support Files/Pods-TreeToTreeTests/Pods-TreeToTreeTests.debug.xcconfig"; sourceTree = "<group>"; };
		8232B7C9207AC56200D0C5AF /* TreeToTree.app */ = {isa = PBXFileReference; explicitFileType = wrapper.application; includeInIndex = 0; path = TreeToTree.app; sourceTree = BUILT_PRODUCTS_DIR; };
		8232B7CC207AC56200D0C5AF /* AppDelegate.swift */ = {isa = PBXFileReference; lastKnownFileType = sourcecode.swift; path = AppDelegate.swift; sourceTree = "<group>"; };
		8232B7CE207AC56200D0C5AF /* InitialViewController.swift */ = {isa = PBXFileReference; lastKnownFileType = sourcecode.swift; path = InitialViewController.swift; sourceTree = "<group>"; };
		8232B7D1207AC56200D0C5AF /* Base */ = {isa = PBXFileReference; lastKnownFileType = file.storyboard; name = Base; path = Base.lproj/Main.storyboard; sourceTree = "<group>"; };
		8232B7D3207AC56200D0C5AF /* Assets.xcassets */ = {isa = PBXFileReference; lastKnownFileType = folder.assetcatalog; path = Assets.xcassets; sourceTree = "<group>"; };
		8232B7D6207AC56200D0C5AF /* Base */ = {isa = PBXFileReference; lastKnownFileType = file.storyboard; name = Base; path = Base.lproj/LaunchScreen.storyboard; sourceTree = "<group>"; };
		8232B7D8207AC56200D0C5AF /* Info.plist */ = {isa = PBXFileReference; lastKnownFileType = text.plist.xml; path = Info.plist; sourceTree = "<group>"; };
		8232B7DD207AC56300D0C5AF /* TreeToTreeTests.xctest */ = {isa = PBXFileReference; explicitFileType = wrapper.cfbundle; includeInIndex = 0; path = TreeToTreeTests.xctest; sourceTree = BUILT_PRODUCTS_DIR; };
		8232B7E1207AC56300D0C5AF /* TreeToTreeTests.swift */ = {isa = PBXFileReference; lastKnownFileType = sourcecode.swift; path = TreeToTreeTests.swift; sourceTree = "<group>"; };
		8232B7E3207AC56300D0C5AF /* Info.plist */ = {isa = PBXFileReference; lastKnownFileType = text.plist.xml; path = Info.plist; sourceTree = "<group>"; };
		8232B7E8207AC56300D0C5AF /* TreeToTreeUITests.xctest */ = {isa = PBXFileReference; explicitFileType = wrapper.cfbundle; includeInIndex = 0; path = TreeToTreeUITests.xctest; sourceTree = BUILT_PRODUCTS_DIR; };
		8232B7EC207AC56300D0C5AF /* TreeToTreeUITests.swift */ = {isa = PBXFileReference; lastKnownFileType = sourcecode.swift; path = TreeToTreeUITests.swift; sourceTree = "<group>"; };
		8232B7EE207AC56300D0C5AF /* Info.plist */ = {isa = PBXFileReference; lastKnownFileType = text.plist.xml; path = Info.plist; sourceTree = "<group>"; };
		82F2DDF7208FCF6D00196C9B /* Search.swift */ = {isa = PBXFileReference; fileEncoding = 4; lastKnownFileType = sourcecode.swift; path = Search.swift; sourceTree = "<group>"; };
		98E33B3C4435D73C892D99C0 /* Pods_TreeToTreeUITests.framework */ = {isa = PBXFileReference; explicitFileType = wrapper.framework; includeInIndex = 0; path = Pods_TreeToTreeUITests.framework; sourceTree = BUILT_PRODUCTS_DIR; };
		9939FFEB2083FE17008348AF /* EventPageViewController.swift */ = {isa = PBXFileReference; lastKnownFileType = sourcecode.swift; path = EventPageViewController.swift; sourceTree = "<group>"; };
		9939FFED20840487008348AF /* EventBrowserController.swift */ = {isa = PBXFileReference; lastKnownFileType = sourcecode.swift; path = EventBrowserController.swift; sourceTree = "<group>"; };
		9939FFF120842F23008348AF /* EventBrowserCell.swift */ = {isa = PBXFileReference; lastKnownFileType = sourcecode.swift; path = EventBrowserCell.swift; sourceTree = "<group>"; };
		993BF7C0208DBC94000EB26C /* UserFriendsTableViewController.swift */ = {isa = PBXFileReference; lastKnownFileType = sourcecode.swift; path = UserFriendsTableViewController.swift; sourceTree = "<group>"; };
		993BF7C2208DBE9E000EB26C /* PersonCell.swift */ = {isa = PBXFileReference; lastKnownFileType = sourcecode.swift; path = PersonCell.swift; sourceTree = "<group>"; };
		993BF7C4208DC23C000EB26C /* ProfilePageViewController.swift */ = {isa = PBXFileReference; lastKnownFileType = sourcecode.swift; path = ProfilePageViewController.swift; sourceTree = "<group>"; };
		99498722208E78C100C938B4 /* SearchViewController.swift */ = {isa = PBXFileReference; lastKnownFileType = sourcecode.swift; path = SearchViewController.swift; sourceTree = "<group>"; };
		997A3597208DC3D300ED0969 /* Person.swift */ = {isa = PBXFileReference; lastKnownFileType = sourcecode.swift; path = Person.swift; sourceTree = "<group>"; };
		99EF2394208DD2FA00A52449 /* EventPersonCell.swift */ = {isa = PBXFileReference; lastKnownFileType = sourcecode.swift; path = EventPersonCell.swift; sourceTree = "<group>"; };
		99FE475B2099608A00A3E30A /* API.swift */ = {isa = PBXFileReference; lastKnownFileType = sourcecode.swift; path = API.swift; sourceTree = "<group>"; };
		99FE475D209960FC00A3E30A /* GoogleService-Info.plist */ = {isa = PBXFileReference; fileEncoding = 4; lastKnownFileType = text.plist.xml; path = "GoogleService-Info.plist"; sourceTree = "<group>"; };
		99FE4761209963A400A3E30A /* CreateEvents.swift */ = {isa = PBXFileReference; lastKnownFileType = sourcecode.swift; path = CreateEvents.swift; sourceTree = "<group>"; };
		9F6B432662BFD72512EAB2F8 /* Pods-TreeToTree.debug.xcconfig */ = {isa = PBXFileReference; includeInIndex = 1; lastKnownFileType = text.xcconfig; name = "Pods-TreeToTree.debug.xcconfig"; path = "Pods/Target Support Files/Pods-TreeToTree/Pods-TreeToTree.debug.xcconfig"; sourceTree = "<group>"; };
		AD3A7668208D957E005CE7EC /* EventPeople.swift */ = {isa = PBXFileReference; lastKnownFileType = sourcecode.swift; path = EventPeople.swift; sourceTree = "<group>"; };
		AD93DFC32092B8F200E091D8 /* GroupPageViewController.swift */ = {isa = PBXFileReference; lastKnownFileType = sourcecode.swift; path = GroupPageViewController.swift; sourceTree = "<group>"; };
		AD93DFC52092C59B00E091D8 /* GroupPageCell.swift */ = {isa = PBXFileReference; lastKnownFileType = sourcecode.swift; path = GroupPageCell.swift; sourceTree = "<group>"; };
		AD99851C20AD214200F88F77 /* UserProfileCell.swift */ = {isa = PBXFileReference; lastKnownFileType = sourcecode.swift; path = UserProfileCell.swift; sourceTree = "<group>"; };
		ADC7D7C92086DEB300547CC1 /* Event.swift */ = {isa = PBXFileReference; lastKnownFileType = sourcecode.swift; path = Event.swift; sourceTree = "<group>"; };
		ADFF0770208D9823001E8C43 /* Filter.swift */ = {isa = PBXFileReference; lastKnownFileType = sourcecode.swift; path = Filter.swift; sourceTree = "<group>"; };
		ADFF0772208D9D51001E8C43 /* UserEvents.swift */ = {isa = PBXFileReference; lastKnownFileType = sourcecode.swift; path = UserEvents.swift; sourceTree = "<group>"; };
		ADFF0774208D9DA3001E8C43 /* UserGroups.swift */ = {isa = PBXFileReference; lastKnownFileType = sourcecode.swift; path = UserGroups.swift; sourceTree = "<group>"; };
		ADFF0776208D9E0D001E8C43 /* UserProfile.swift */ = {isa = PBXFileReference; lastKnownFileType = sourcecode.swift; path = UserProfile.swift; sourceTree = "<group>"; };
		BB5B5BA7F90F19DA924B87E4 /* Pods-TreeToTreeTests.release.xcconfig */ = {isa = PBXFileReference; includeInIndex = 1; lastKnownFileType = text.xcconfig; name = "Pods-TreeToTreeTests.release.xcconfig"; path = "Pods/Target Support Files/Pods-TreeToTreeTests/Pods-TreeToTreeTests.release.xcconfig"; sourceTree = "<group>"; };
		DEF74EC5C851D981A3C1FE2C /* Pods-TreeToTree.release.xcconfig */ = {isa = PBXFileReference; includeInIndex = 1; lastKnownFileType = text.xcconfig; name = "Pods-TreeToTree.release.xcconfig"; path = "Pods/Target Support Files/Pods-TreeToTree/Pods-TreeToTree.release.xcconfig"; sourceTree = "<group>"; };
/* End PBXFileReference section */

/* Begin PBXFrameworksBuildPhase section */
		8232B7C6207AC56200D0C5AF /* Frameworks */ = {
			isa = PBXFrameworksBuildPhase;
			buildActionMask = 2147483647;
			files = (
				1E89B195F2870509A468AEF7 /* Pods_TreeToTree.framework in Frameworks */,
			);
			runOnlyForDeploymentPostprocessing = 0;
		};
		8232B7DA207AC56300D0C5AF /* Frameworks */ = {
			isa = PBXFrameworksBuildPhase;
			buildActionMask = 2147483647;
			files = (
				3F77D1474426E7AFD3BB13F2 /* Pods_TreeToTreeTests.framework in Frameworks */,
			);
			runOnlyForDeploymentPostprocessing = 0;
		};
		8232B7E5207AC56300D0C5AF /* Frameworks */ = {
			isa = PBXFrameworksBuildPhase;
			buildActionMask = 2147483647;
			files = (
				F87166A8CCB3983FF1058059 /* Pods_TreeToTreeUITests.framework in Frameworks */,
			);
			runOnlyForDeploymentPostprocessing = 0;
		};
/* End PBXFrameworksBuildPhase section */

/* Begin PBXGroup section */
		5D02915CEE49053AB941FEFF /* Frameworks */ = {
			isa = PBXGroup;
			children = (
				245E3267B9CC27D8412FEAAE /* Pods_TreeToTree.framework */,
				2B3D647490C01E4C67F34E13 /* Pods_TreeToTreeTests.framework */,
				98E33B3C4435D73C892D99C0 /* Pods_TreeToTreeUITests.framework */,
			);
			name = Frameworks;
			sourceTree = "<group>";
		};
		8232B7C0207AC56200D0C5AF = {
			isa = PBXGroup;
			children = (
				8232B7CB207AC56200D0C5AF /* TreeToTree */,
				8232B7E0207AC56300D0C5AF /* TreeToTreeTests */,
				8232B7EB207AC56300D0C5AF /* TreeToTreeUITests */,
				8232B7CA207AC56200D0C5AF /* Products */,
				A067AD92D1CDA9DD67CDB59F /* Pods */,
				5D02915CEE49053AB941FEFF /* Frameworks */,
			);
			sourceTree = "<group>";
		};
		8232B7CA207AC56200D0C5AF /* Products */ = {
			isa = PBXGroup;
			children = (
				8232B7C9207AC56200D0C5AF /* TreeToTree.app */,
				8232B7DD207AC56300D0C5AF /* TreeToTreeTests.xctest */,
				8232B7E8207AC56300D0C5AF /* TreeToTreeUITests.xctest */,
			);
			name = Products;
			sourceTree = "<group>";
		};
		8232B7CB207AC56200D0C5AF /* TreeToTree */ = {
			isa = PBXGroup;
			children = (
				8232B7CC207AC56200D0C5AF /* AppDelegate.swift */,
				99FE475B2099608A00A3E30A /* API.swift */,
				99FE4761209963A400A3E30A /* CreateEvents.swift */,
				8232B7CE207AC56200D0C5AF /* InitialViewController.swift */,
				8232B7D0207AC56200D0C5AF /* Main.storyboard */,
				AD93DFC32092B8F200E091D8 /* GroupPageViewController.swift */,
				AD93DFC52092C59B00E091D8 /* GroupPageCell.swift */,
				82F2DDF7208FCF6D00196C9B /* Search.swift */,
				99498722208E78C100C938B4 /* SearchViewController.swift */,
				9939FFF120842F23008348AF /* EventBrowserCell.swift */,
				9939FFED20840487008348AF /* EventBrowserController.swift */,
				9939FFEB2083FE17008348AF /* EventPageViewController.swift */,
				AD3A7668208D957E005CE7EC /* EventPeople.swift */,
				99EF2394208DD2FA00A52449 /* EventPersonCell.swift */,
				ADFF0776208D9E0D001E8C43 /* UserProfile.swift */,
				AD99851C20AD214200F88F77 /* UserProfileCell.swift */,
				ADFF0774208D9DA3001E8C43 /* UserGroups.swift */,
				ADFF0772208D9D51001E8C43 /* UserEvents.swift */,
				993BF7C0208DBC94000EB26C /* UserFriendsTableViewController.swift */,
				993BF7C2208DBE9E000EB26C /* PersonCell.swift */,
				993BF7C4208DC23C000EB26C /* ProfilePageViewController.swift */,
				ADFF0770208D9823001E8C43 /* Filter.swift */,
				ADC7D7C92086DEB300547CC1 /* Event.swift */,
				997A3597208DC3D300ED0969 /* Person.swift */,
				8232B7D3207AC56200D0C5AF /* Assets.xcassets */,
				8232B7D5207AC56200D0C5AF /* LaunchScreen.storyboard */,
				99FE475D209960FC00A3E30A /* GoogleService-Info.plist */,
				8232B7D8207AC56200D0C5AF /* Info.plist */,
			);
			path = TreeToTree;
			sourceTree = "<group>";
		};
		8232B7E0207AC56300D0C5AF /* TreeToTreeTests */ = {
			isa = PBXGroup;
			children = (
				8232B7E1207AC56300D0C5AF /* TreeToTreeTests.swift */,
				8232B7E3207AC56300D0C5AF /* Info.plist */,
			);
			path = TreeToTreeTests;
			sourceTree = "<group>";
		};
		8232B7EB207AC56300D0C5AF /* TreeToTreeUITests */ = {
			isa = PBXGroup;
			children = (
				8232B7EC207AC56300D0C5AF /* TreeToTreeUITests.swift */,
				8232B7EE207AC56300D0C5AF /* Info.plist */,
			);
			path = TreeToTreeUITests;
			sourceTree = "<group>";
		};
		A067AD92D1CDA9DD67CDB59F /* Pods */ = {
			isa = PBXGroup;
			children = (
				9F6B432662BFD72512EAB2F8 /* Pods-TreeToTree.debug.xcconfig */,
				DEF74EC5C851D981A3C1FE2C /* Pods-TreeToTree.release.xcconfig */,
				797616AC53D12203167710F5 /* Pods-TreeToTreeTests.debug.xcconfig */,
				BB5B5BA7F90F19DA924B87E4 /* Pods-TreeToTreeTests.release.xcconfig */,
				6BFDE078979881F3207F2E54 /* Pods-TreeToTreeUITests.debug.xcconfig */,
				6D70B77E4B1573A55CEDE982 /* Pods-TreeToTreeUITests.release.xcconfig */,
			);
			name = Pods;
			sourceTree = "<group>";
		};
/* End PBXGroup section */

/* Begin PBXNativeTarget section */
		8232B7C8207AC56200D0C5AF /* TreeToTree */ = {
			isa = PBXNativeTarget;
			buildConfigurationList = 8232B7F1207AC56300D0C5AF /* Build configuration list for PBXNativeTarget "TreeToTree" */;
			buildPhases = (
				B03DAB3B5419DF32FE68B961 /* [CP] Check Pods Manifest.lock */,
				8232B7C5207AC56200D0C5AF /* Sources */,
				8232B7C6207AC56200D0C5AF /* Frameworks */,
				8232B7C7207AC56200D0C5AF /* Resources */,
				F961988135045334E1E3C8AE /* [CP] Embed Pods Frameworks */,
			);
			buildRules = (
			);
			dependencies = (
			);
			name = TreeToTree;
			productName = TreeToTree;
			productReference = 8232B7C9207AC56200D0C5AF /* TreeToTree.app */;
			productType = "com.apple.product-type.application";
		};
		8232B7DC207AC56300D0C5AF /* TreeToTreeTests */ = {
			isa = PBXNativeTarget;
			buildConfigurationList = 8232B7F4207AC56300D0C5AF /* Build configuration list for PBXNativeTarget "TreeToTreeTests" */;
			buildPhases = (
				3260A0406E2F5A0B08D20C55 /* [CP] Check Pods Manifest.lock */,
				8232B7D9207AC56300D0C5AF /* Sources */,
				8232B7DA207AC56300D0C5AF /* Frameworks */,
				8232B7DB207AC56300D0C5AF /* Resources */,
			);
			buildRules = (
			);
			dependencies = (
				8232B7DF207AC56300D0C5AF /* PBXTargetDependency */,
			);
			name = TreeToTreeTests;
			productName = TreeToTreeTests;
			productReference = 8232B7DD207AC56300D0C5AF /* TreeToTreeTests.xctest */;
			productType = "com.apple.product-type.bundle.unit-test";
		};
		8232B7E7207AC56300D0C5AF /* TreeToTreeUITests */ = {
			isa = PBXNativeTarget;
			buildConfigurationList = 8232B7F7207AC56300D0C5AF /* Build configuration list for PBXNativeTarget "TreeToTreeUITests" */;
			buildPhases = (
				E241797CFBD1DBA072E8F6B6 /* [CP] Check Pods Manifest.lock */,
				8232B7E4207AC56300D0C5AF /* Sources */,
				8232B7E5207AC56300D0C5AF /* Frameworks */,
				8232B7E6207AC56300D0C5AF /* Resources */,
			);
			buildRules = (
			);
			dependencies = (
				8232B7EA207AC56300D0C5AF /* PBXTargetDependency */,
			);
			name = TreeToTreeUITests;
			productName = TreeToTreeUITests;
			productReference = 8232B7E8207AC56300D0C5AF /* TreeToTreeUITests.xctest */;
			productType = "com.apple.product-type.bundle.ui-testing";
		};
/* End PBXNativeTarget section */

/* Begin PBXProject section */
		8232B7C1207AC56200D0C5AF /* Project object */ = {
			isa = PBXProject;
			attributes = {
				LastSwiftUpdateCheck = 0830;
				LastUpgradeCheck = 0830;
				ORGANIZATIONNAME = "CS+Social Good";
				TargetAttributes = {
					8232B7C8207AC56200D0C5AF = {
						CreatedOnToolsVersion = 8.3.3;
						DevelopmentTeam = 6WD396LQ2R;
						ProvisioningStyle = Automatic;
					};
					8232B7DC207AC56300D0C5AF = {
						CreatedOnToolsVersion = 8.3.3;
						DevelopmentTeam = 6WD396LQ2R;
						ProvisioningStyle = Automatic;
						TestTargetID = 8232B7C8207AC56200D0C5AF;
					};
					8232B7E7207AC56300D0C5AF = {
						CreatedOnToolsVersion = 8.3.3;
						DevelopmentTeam = 6WD396LQ2R;
						ProvisioningStyle = Automatic;
						TestTargetID = 8232B7C8207AC56200D0C5AF;
					};
				};
			};
			buildConfigurationList = 8232B7C4207AC56200D0C5AF /* Build configuration list for PBXProject "TreeToTree" */;
			compatibilityVersion = "Xcode 3.2";
			developmentRegion = English;
			hasScannedForEncodings = 0;
			knownRegions = (
				en,
				Base,
			);
			mainGroup = 8232B7C0207AC56200D0C5AF;
			productRefGroup = 8232B7CA207AC56200D0C5AF /* Products */;
			projectDirPath = "";
			projectRoot = "";
			targets = (
				8232B7C8207AC56200D0C5AF /* TreeToTree */,
				8232B7DC207AC56300D0C5AF /* TreeToTreeTests */,
				8232B7E7207AC56300D0C5AF /* TreeToTreeUITests */,
			);
		};
/* End PBXProject section */

/* Begin PBXResourcesBuildPhase section */
		8232B7C7207AC56200D0C5AF /* Resources */ = {
			isa = PBXResourcesBuildPhase;
			buildActionMask = 2147483647;
			files = (
				8232B7D7207AC56200D0C5AF /* LaunchScreen.storyboard in Resources */,
				99FE475E209960FD00A3E30A /* GoogleService-Info.plist in Resources */,
				8232B7D4207AC56200D0C5AF /* Assets.xcassets in Resources */,
				8232B7D2207AC56200D0C5AF /* Main.storyboard in Resources */,
			);
			runOnlyForDeploymentPostprocessing = 0;
		};
		8232B7DB207AC56300D0C5AF /* Resources */ = {
			isa = PBXResourcesBuildPhase;
			buildActionMask = 2147483647;
			files = (
				99FE475F209960FD00A3E30A /* GoogleService-Info.plist in Resources */,
			);
			runOnlyForDeploymentPostprocessing = 0;
		};
		8232B7E6207AC56300D0C5AF /* Resources */ = {
			isa = PBXResourcesBuildPhase;
			buildActionMask = 2147483647;
			files = (
				99FE4760209960FD00A3E30A /* GoogleService-Info.plist in Resources */,
			);
			runOnlyForDeploymentPostprocessing = 0;
		};
/* End PBXResourcesBuildPhase section */

/* Begin PBXShellScriptBuildPhase section */
		3260A0406E2F5A0B08D20C55 /* [CP] Check Pods Manifest.lock */ = {
			isa = PBXShellScriptBuildPhase;
			buildActionMask = 2147483647;
			files = (
			);
			inputPaths = (
				"${PODS_PODFILE_DIR_PATH}/Podfile.lock",
				"${PODS_ROOT}/Manifest.lock",
			);
			name = "[CP] Check Pods Manifest.lock";
			outputPaths = (
				"$(DERIVED_FILE_DIR)/Pods-TreeToTreeTests-checkManifestLockResult.txt",
			);
			runOnlyForDeploymentPostprocessing = 0;
			shellPath = /bin/sh;
			shellScript = "diff \"${PODS_PODFILE_DIR_PATH}/Podfile.lock\" \"${PODS_ROOT}/Manifest.lock\" > /dev/null\nif [ $? != 0 ] ; then\n    # print error to STDERR\n    echo \"error: The sandbox is not in sync with the Podfile.lock. Run 'pod install' or update your CocoaPods installation.\" >&2\n    exit 1\nfi\n# This output is used by Xcode 'outputs' to avoid re-running this script phase.\necho \"SUCCESS\" > \"${SCRIPT_OUTPUT_FILE_0}\"\n";
			showEnvVarsInLog = 0;
		};
		B03DAB3B5419DF32FE68B961 /* [CP] Check Pods Manifest.lock */ = {
			isa = PBXShellScriptBuildPhase;
			buildActionMask = 2147483647;
			files = (
			);
			inputPaths = (
				"${PODS_PODFILE_DIR_PATH}/Podfile.lock",
				"${PODS_ROOT}/Manifest.lock",
			);
			name = "[CP] Check Pods Manifest.lock";
			outputPaths = (
				"$(DERIVED_FILE_DIR)/Pods-TreeToTree-checkManifestLockResult.txt",
			);
			runOnlyForDeploymentPostprocessing = 0;
			shellPath = /bin/sh;
			shellScript = "diff \"${PODS_PODFILE_DIR_PATH}/Podfile.lock\" \"${PODS_ROOT}/Manifest.lock\" > /dev/null\nif [ $? != 0 ] ; then\n    # print error to STDERR\n    echo \"error: The sandbox is not in sync with the Podfile.lock. Run 'pod install' or update your CocoaPods installation.\" >&2\n    exit 1\nfi\n# This output is used by Xcode 'outputs' to avoid re-running this script phase.\necho \"SUCCESS\" > \"${SCRIPT_OUTPUT_FILE_0}\"\n";
			showEnvVarsInLog = 0;
		};
		E241797CFBD1DBA072E8F6B6 /* [CP] Check Pods Manifest.lock */ = {
			isa = PBXShellScriptBuildPhase;
			buildActionMask = 2147483647;
			files = (
			);
			inputPaths = (
				"${PODS_PODFILE_DIR_PATH}/Podfile.lock",
				"${PODS_ROOT}/Manifest.lock",
			);
			name = "[CP] Check Pods Manifest.lock";
			outputPaths = (
				"$(DERIVED_FILE_DIR)/Pods-TreeToTreeUITests-checkManifestLockResult.txt",
			);
			runOnlyForDeploymentPostprocessing = 0;
			shellPath = /bin/sh;
			shellScript = "diff \"${PODS_PODFILE_DIR_PATH}/Podfile.lock\" \"${PODS_ROOT}/Manifest.lock\" > /dev/null\nif [ $? != 0 ] ; then\n    # print error to STDERR\n    echo \"error: The sandbox is not in sync with the Podfile.lock. Run 'pod install' or update your CocoaPods installation.\" >&2\n    exit 1\nfi\n# This output is used by Xcode 'outputs' to avoid re-running this script phase.\necho \"SUCCESS\" > \"${SCRIPT_OUTPUT_FILE_0}\"\n";
			showEnvVarsInLog = 0;
		};
		F961988135045334E1E3C8AE /* [CP] Embed Pods Frameworks */ = {
			isa = PBXShellScriptBuildPhase;
			buildActionMask = 2147483647;
			files = (
			);
			inputPaths = (
				"${SRCROOT}/Pods/Target Support Files/Pods-TreeToTree/Pods-TreeToTree-frameworks.sh",
				"${BUILT_PRODUCTS_DIR}/GoogleToolboxForMac/GoogleToolboxForMac.framework",
				"${BUILT_PRODUCTS_DIR}/leveldb-library/leveldb.framework",
				"${BUILT_PRODUCTS_DIR}/nanopb/nanopb.framework",
			);
			name = "[CP] Embed Pods Frameworks";
			outputPaths = (
				"${TARGET_BUILD_DIR}/${FRAMEWORKS_FOLDER_PATH}/GoogleToolboxForMac.framework",
				"${TARGET_BUILD_DIR}/${FRAMEWORKS_FOLDER_PATH}/leveldb.framework",
				"${TARGET_BUILD_DIR}/${FRAMEWORKS_FOLDER_PATH}/nanopb.framework",
			);
			runOnlyForDeploymentPostprocessing = 0;
			shellPath = /bin/sh;
			shellScript = "\"${SRCROOT}/Pods/Target Support Files/Pods-TreeToTree/Pods-TreeToTree-frameworks.sh\"\n";
			showEnvVarsInLog = 0;
		};
/* End PBXShellScriptBuildPhase section */

/* Begin PBXSourcesBuildPhase section */
		8232B7C5207AC56200D0C5AF /* Sources */ = {
			isa = PBXSourcesBuildPhase;
			buildActionMask = 2147483647;
			files = (
				99FE4762209963A400A3E30A /* CreateEvents.swift in Sources */,
				AD93DFC42092B8F200E091D8 /* GroupPageViewController.swift in Sources */,
				ADFF0777208D9E0D001E8C43 /* UserProfile.swift in Sources */,
				993BF7C1208DBC94000EB26C /* UserFriendsTableViewController.swift in Sources */,
				8232B7CF207AC56200D0C5AF /* InitialViewController.swift in Sources */,
				AD93DFC62092C59B00E091D8 /* GroupPageCell.swift in Sources */,
				99498723208E78C100C938B4 /* SearchViewController.swift in Sources */,
				8232B7CD207AC56200D0C5AF /* AppDelegate.swift in Sources */,
				ADFF0775208D9DA3001E8C43 /* UserGroups.swift in Sources */,
				993BF7C3208DBE9E000EB26C /* PersonCell.swift in Sources */,
				99EF2395208DD2FA00A52449 /* EventPersonCell.swift in Sources */,
				ADFF0773208D9D51001E8C43 /* UserEvents.swift in Sources */,
				82F2DDF8208FCF6D00196C9B /* Search.swift in Sources */,
				ADC7D7CA2086DEB300547CC1 /* Event.swift in Sources */,
				99FE475C2099608A00A3E30A /* API.swift in Sources */,
				997A3598208DC3D300ED0969 /* Person.swift in Sources */,
				AD3A7669208D957E005CE7EC /* EventPeople.swift in Sources */,
				993BF7C5208DC23C000EB26C /* ProfilePageViewController.swift in Sources */,
				9939FFEE20840487008348AF /* EventBrowserController.swift in Sources */,
				9939FFEC2083FE17008348AF /* EventPageViewController.swift in Sources */,
				ADFF0771208D9823001E8C43 /* Filter.swift in Sources */,
				9939FFF320842F23008348AF /* EventBrowserCell.swift in Sources */,
				AD99851D20AD214200F88F77 /* UserProfileCell.swift in Sources */,
			);
			runOnlyForDeploymentPostprocessing = 0;
		};
		8232B7D9207AC56300D0C5AF /* Sources */ = {
			isa = PBXSourcesBuildPhase;
			buildActionMask = 2147483647;
			files = (
				99FE4763209963A400A3E30A /* CreateEvents.swift in Sources */,
				8232B7E2207AC56300D0C5AF /* TreeToTreeTests.swift in Sources */,
			);
			runOnlyForDeploymentPostprocessing = 0;
		};
		8232B7E4207AC56300D0C5AF /* Sources */ = {
			isa = PBXSourcesBuildPhase;
			buildActionMask = 2147483647;
			files = (
				99FE4764209963A400A3E30A /* CreateEvents.swift in Sources */,
				8232B7ED207AC56300D0C5AF /* TreeToTreeUITests.swift in Sources */,
			);
			runOnlyForDeploymentPostprocessing = 0;
		};
/* End PBXSourcesBuildPhase section */

/* Begin PBXTargetDependency section */
		8232B7DF207AC56300D0C5AF /* PBXTargetDependency */ = {
			isa = PBXTargetDependency;
			target = 8232B7C8207AC56200D0C5AF /* TreeToTree */;
			targetProxy = 8232B7DE207AC56300D0C5AF /* PBXContainerItemProxy */;
		};
		8232B7EA207AC56300D0C5AF /* PBXTargetDependency */ = {
			isa = PBXTargetDependency;
			target = 8232B7C8207AC56200D0C5AF /* TreeToTree */;
			targetProxy = 8232B7E9207AC56300D0C5AF /* PBXContainerItemProxy */;
		};
/* End PBXTargetDependency section */

/* Begin PBXVariantGroup section */
		8232B7D0207AC56200D0C5AF /* Main.storyboard */ = {
			isa = PBXVariantGroup;
			children = (
				8232B7D1207AC56200D0C5AF /* Base */,
			);
			name = Main.storyboard;
			sourceTree = "<group>";
		};
		8232B7D5207AC56200D0C5AF /* LaunchScreen.storyboard */ = {
			isa = PBXVariantGroup;
			children = (
				8232B7D6207AC56200D0C5AF /* Base */,
			);
			name = LaunchScreen.storyboard;
			sourceTree = "<group>";
		};
/* End PBXVariantGroup section */

/* Begin XCBuildConfiguration section */
		8232B7EF207AC56300D0C5AF /* Debug */ = {
			isa = XCBuildConfiguration;
			buildSettings = {
				ALWAYS_SEARCH_USER_PATHS = NO;
				CLANG_ANALYZER_NONNULL = YES;
				CLANG_ANALYZER_NUMBER_OBJECT_CONVERSION = YES_AGGRESSIVE;
				CLANG_CXX_LANGUAGE_STANDARD = "gnu++0x";
				CLANG_CXX_LIBRARY = "libc++";
				CLANG_ENABLE_MODULES = YES;
				CLANG_ENABLE_OBJC_ARC = YES;
				CLANG_WARN_BOOL_CONVERSION = YES;
				CLANG_WARN_CONSTANT_CONVERSION = YES;
				CLANG_WARN_DIRECT_OBJC_ISA_USAGE = YES_ERROR;
				CLANG_WARN_DOCUMENTATION_COMMENTS = YES;
				CLANG_WARN_EMPTY_BODY = YES;
				CLANG_WARN_ENUM_CONVERSION = YES;
				CLANG_WARN_INFINITE_RECURSION = YES;
				CLANG_WARN_INT_CONVERSION = YES;
				CLANG_WARN_OBJC_ROOT_CLASS = YES_ERROR;
				CLANG_WARN_SUSPICIOUS_MOVE = YES;
				CLANG_WARN_UNREACHABLE_CODE = YES;
				CLANG_WARN__DUPLICATE_METHOD_MATCH = YES;
				CODE_SIGN_IDENTITY = "";
				"CODE_SIGN_IDENTITY[sdk=iphoneos*]" = "iPhone Developer";
				COPY_PHASE_STRIP = NO;
				DEBUG_INFORMATION_FORMAT = dwarf;
				DEVELOPMENT_TEAM = 6WD396LQ2R;
				ENABLE_STRICT_OBJC_MSGSEND = YES;
				ENABLE_TESTABILITY = YES;
				GCC_C_LANGUAGE_STANDARD = gnu99;
				GCC_DYNAMIC_NO_PIC = NO;
				GCC_NO_COMMON_BLOCKS = YES;
				GCC_OPTIMIZATION_LEVEL = 0;
				GCC_PREPROCESSOR_DEFINITIONS = (
					"DEBUG=1",
					"$(inherited)",
				);
				GCC_WARN_64_TO_32_BIT_CONVERSION = YES;
				GCC_WARN_ABOUT_RETURN_TYPE = YES_ERROR;
				GCC_WARN_UNDECLARED_SELECTOR = YES;
				GCC_WARN_UNINITIALIZED_AUTOS = YES_AGGRESSIVE;
				GCC_WARN_UNUSED_FUNCTION = YES;
				GCC_WARN_UNUSED_VARIABLE = YES;
				IPHONEOS_DEPLOYMENT_TARGET = 10.3;
				MTL_ENABLE_DEBUG_INFO = YES;
				ONLY_ACTIVE_ARCH = YES;
				SDKROOT = iphoneos;
				SWIFT_ACTIVE_COMPILATION_CONDITIONS = DEBUG;
				SWIFT_OPTIMIZATION_LEVEL = "-Onone";
				TARGETED_DEVICE_FAMILY = "1,2";
			};
			name = Debug;
		};
		8232B7F0207AC56300D0C5AF /* Release */ = {
			isa = XCBuildConfiguration;
			buildSettings = {
				ALWAYS_SEARCH_USER_PATHS = NO;
				CLANG_ANALYZER_NONNULL = YES;
				CLANG_ANALYZER_NUMBER_OBJECT_CONVERSION = YES_AGGRESSIVE;
				CLANG_CXX_LANGUAGE_STANDARD = "gnu++0x";
				CLANG_CXX_LIBRARY = "libc++";
				CLANG_ENABLE_MODULES = YES;
				CLANG_ENABLE_OBJC_ARC = YES;
				CLANG_WARN_BOOL_CONVERSION = YES;
				CLANG_WARN_CONSTANT_CONVERSION = YES;
				CLANG_WARN_DIRECT_OBJC_ISA_USAGE = YES_ERROR;
				CLANG_WARN_DOCUMENTATION_COMMENTS = YES;
				CLANG_WARN_EMPTY_BODY = YES;
				CLANG_WARN_ENUM_CONVERSION = YES;
				CLANG_WARN_INFINITE_RECURSION = YES;
				CLANG_WARN_INT_CONVERSION = YES;
				CLANG_WARN_OBJC_ROOT_CLASS = YES_ERROR;
				CLANG_WARN_SUSPICIOUS_MOVE = YES;
				CLANG_WARN_UNREACHABLE_CODE = YES;
				CLANG_WARN__DUPLICATE_METHOD_MATCH = YES;
				CODE_SIGN_IDENTITY = "";
				"CODE_SIGN_IDENTITY[sdk=iphoneos*]" = "iPhone Developer";
				COPY_PHASE_STRIP = NO;
				DEBUG_INFORMATION_FORMAT = "dwarf-with-dsym";
				DEVELOPMENT_TEAM = 6WD396LQ2R;
				ENABLE_NS_ASSERTIONS = NO;
				ENABLE_STRICT_OBJC_MSGSEND = YES;
				GCC_C_LANGUAGE_STANDARD = gnu99;
				GCC_NO_COMMON_BLOCKS = YES;
				GCC_WARN_64_TO_32_BIT_CONVERSION = YES;
				GCC_WARN_ABOUT_RETURN_TYPE = YES_ERROR;
				GCC_WARN_UNDECLARED_SELECTOR = YES;
				GCC_WARN_UNINITIALIZED_AUTOS = YES_AGGRESSIVE;
				GCC_WARN_UNUSED_FUNCTION = YES;
				GCC_WARN_UNUSED_VARIABLE = YES;
				IPHONEOS_DEPLOYMENT_TARGET = 10.3;
				MTL_ENABLE_DEBUG_INFO = NO;
				SDKROOT = iphoneos;
				SWIFT_OPTIMIZATION_LEVEL = "-Owholemodule";
				TARGETED_DEVICE_FAMILY = "1,2";
				VALIDATE_PRODUCT = YES;
			};
			name = Release;
		};
		8232B7F2207AC56300D0C5AF /* Debug */ = {
			isa = XCBuildConfiguration;
			baseConfigurationReference = 9F6B432662BFD72512EAB2F8 /* Pods-TreeToTree.debug.xcconfig */;
			buildSettings = {
				ASSETCATALOG_COMPILER_APPICON_NAME = AppIcon;
				INFOPLIST_FILE = TreeToTree/Info.plist;
				LD_RUNPATH_SEARCH_PATHS = "$(inherited) @executable_path/Frameworks";
				PRODUCT_BUNDLE_IDENTIFIER = CSSG.TreeToTree;
				PRODUCT_NAME = "$(TARGET_NAME)";
				SWIFT_VERSION = 3.0;
			};
			name = Debug;
		};
		8232B7F3207AC56300D0C5AF /* Release */ = {
			isa = XCBuildConfiguration;
			baseConfigurationReference = DEF74EC5C851D981A3C1FE2C /* Pods-TreeToTree.release.xcconfig */;
			buildSettings = {
				ASSETCATALOG_COMPILER_APPICON_NAME = AppIcon;
				INFOPLIST_FILE = TreeToTree/Info.plist;
				LD_RUNPATH_SEARCH_PATHS = "$(inherited) @executable_path/Frameworks";
				PRODUCT_BUNDLE_IDENTIFIER = CSSG.TreeToTree;
				PRODUCT_NAME = "$(TARGET_NAME)";
				SWIFT_VERSION = 3.0;
			};
			name = Release;
		};
		8232B7F5207AC56300D0C5AF /* Debug */ = {
			isa = XCBuildConfiguration;
			baseConfigurationReference = 797616AC53D12203167710F5 /* Pods-TreeToTreeTests.debug.xcconfig */;
			buildSettings = {
				ALWAYS_EMBED_SWIFT_STANDARD_LIBRARIES = YES;
				BUNDLE_LOADER = "$(TEST_HOST)";
				INFOPLIST_FILE = TreeToTreeTests/Info.plist;
				LD_RUNPATH_SEARCH_PATHS = "$(inherited) @executable_path/Frameworks @loader_path/Frameworks";
				PRODUCT_BUNDLE_IDENTIFIER = CSSG.TreeToTreeTests;
				PRODUCT_NAME = "$(TARGET_NAME)";
				SWIFT_VERSION = 3.0;
				TEST_HOST = "$(BUILT_PRODUCTS_DIR)/TreeToTree.app/TreeToTree";
			};
			name = Debug;
		};
		8232B7F6207AC56300D0C5AF /* Release */ = {
			isa = XCBuildConfiguration;
			baseConfigurationReference = BB5B5BA7F90F19DA924B87E4 /* Pods-TreeToTreeTests.release.xcconfig */;
			buildSettings = {
				ALWAYS_EMBED_SWIFT_STANDARD_LIBRARIES = YES;
				BUNDLE_LOADER = "$(TEST_HOST)";
				INFOPLIST_FILE = TreeToTreeTests/Info.plist;
				LD_RUNPATH_SEARCH_PATHS = "$(inherited) @executable_path/Frameworks @loader_path/Frameworks";
				PRODUCT_BUNDLE_IDENTIFIER = CSSG.TreeToTreeTests;
				PRODUCT_NAME = "$(TARGET_NAME)";
				SWIFT_VERSION = 3.0;
				TEST_HOST = "$(BUILT_PRODUCTS_DIR)/TreeToTree.app/TreeToTree";
			};
			name = Release;
		};
		8232B7F8207AC56300D0C5AF /* Debug */ = {
			isa = XCBuildConfiguration;
			baseConfigurationReference = 6BFDE078979881F3207F2E54 /* Pods-TreeToTreeUITests.debug.xcconfig */;
			buildSettings = {
				ALWAYS_EMBED_SWIFT_STANDARD_LIBRARIES = YES;
				INFOPLIST_FILE = TreeToTreeUITests/Info.plist;
				LD_RUNPATH_SEARCH_PATHS = "$(inherited) @executable_path/Frameworks @loader_path/Frameworks";
				PRODUCT_BUNDLE_IDENTIFIER = CSSG.TreeToTreeUITests;
				PRODUCT_NAME = "$(TARGET_NAME)";
				SWIFT_VERSION = 3.0;
				TEST_TARGET_NAME = TreeToTree;
			};
			name = Debug;
		};
		8232B7F9207AC56300D0C5AF /* Release */ = {
			isa = XCBuildConfiguration;
			baseConfigurationReference = 6D70B77E4B1573A55CEDE982 /* Pods-TreeToTreeUITests.release.xcconfig */;
			buildSettings = {
				ALWAYS_EMBED_SWIFT_STANDARD_LIBRARIES = YES;
				INFOPLIST_FILE = TreeToTreeUITests/Info.plist;
				LD_RUNPATH_SEARCH_PATHS = "$(inherited) @executable_path/Frameworks @loader_path/Frameworks";
				PRODUCT_BUNDLE_IDENTIFIER = CSSG.TreeToTreeUITests;
				PRODUCT_NAME = "$(TARGET_NAME)";
				SWIFT_VERSION = 3.0;
				TEST_TARGET_NAME = TreeToTree;
			};
			name = Release;
		};
/* End XCBuildConfiguration section */

/* Begin XCConfigurationList section */
		8232B7C4207AC56200D0C5AF /* Build configuration list for PBXProject "TreeToTree" */ = {
			isa = XCConfigurationList;
			buildConfigurations = (
				8232B7EF207AC56300D0C5AF /* Debug */,
				8232B7F0207AC56300D0C5AF /* Release */,
			);
			defaultConfigurationIsVisible = 0;
			defaultConfigurationName = Release;
		};
		8232B7F1207AC56300D0C5AF /* Build configuration list for PBXNativeTarget "TreeToTree" */ = {
			isa = XCConfigurationList;
			buildConfigurations = (
				8232B7F2207AC56300D0C5AF /* Debug */,
				8232B7F3207AC56300D0C5AF /* Release */,
			);
			defaultConfigurationIsVisible = 0;
			defaultConfigurationName = Release;
		};
		8232B7F4207AC56300D0C5AF /* Build configuration list for PBXNativeTarget "TreeToTreeTests" */ = {
			isa = XCConfigurationList;
			buildConfigurations = (
				8232B7F5207AC56300D0C5AF /* Debug */,
				8232B7F6207AC56300D0C5AF /* Release */,
			);
			defaultConfigurationIsVisible = 0;
			defaultConfigurationName = Release;
		};
		8232B7F7207AC56300D0C5AF /* Build configuration list for PBXNativeTarget "TreeToTreeUITests" */ = {
			isa = XCConfigurationList;
			buildConfigurations = (
				8232B7F8207AC56300D0C5AF /* Debug */,
				8232B7F9207AC56300D0C5AF /* Release */,
			);
			defaultConfigurationIsVisible = 0;
			defaultConfigurationName = Release;
		};
/* End XCConfigurationList section */
	};
	rootObject = 8232B7C1207AC56200D0C5AF /* Project object */;
}
