// !$*UTF8*$!
{
	archiveVersion = 1;
	classes = {
	};
	objectVersion = 46;
	objects = {

/* Begin PBXBuildFile section */
		8232B7CD207AC56200D0C5AF /* AppDelegate.swift in Sources */ = {isa = PBXBuildFile; fileRef = 8232B7CC207AC56200D0C5AF /* AppDelegate.swift */; };
		8232B7CF207AC56200D0C5AF /* InitialViewController.swift in Sources */ = {isa = PBXBuildFile; fileRef = 8232B7CE207AC56200D0C5AF /* InitialViewController.swift */; };
		8232B7D2207AC56200D0C5AF /* Main.storyboard in Resources */ = {isa = PBXBuildFile; fileRef = 8232B7D0207AC56200D0C5AF /* Main.storyboard */; };
		8232B7D4207AC56200D0C5AF /* Assets.xcassets in Resources */ = {isa = PBXBuildFile; fileRef = 8232B7D3207AC56200D0C5AF /* Assets.xcassets */; };
		8232B7D7207AC56200D0C5AF /* LaunchScreen.storyboard in Resources */ = {isa = PBXBuildFile; fileRef = 8232B7D5207AC56200D0C5AF /* LaunchScreen.storyboard */; };
		8232B7E2207AC56300D0C5AF /* TreeToTreeTests.swift in Sources */ = {isa = PBXBuildFile; fileRef = 8232B7E1207AC56300D0C5AF /* TreeToTreeTests.swift */; };
		8232B7ED207AC56300D0C5AF /* TreeToTreeUITests.swift in Sources */ = {isa = PBXBuildFile; fileRef = 8232B7EC207AC56300D0C5AF /* TreeToTreeUITests.swift */; };
		9939FFEC2083FE17008348AF /* EventPageViewController.swift in Sources */ = {isa = PBXBuildFile; fileRef = 9939FFEB2083FE17008348AF /* EventPageViewController.swift */; };
		9939FFEE20840487008348AF /* EventBrowserController.swift in Sources */ = {isa = PBXBuildFile; fileRef = 9939FFED20840487008348AF /* EventBrowserController.swift */; };
		9939FFF320842F23008348AF /* EventBrowserCell.swift in Sources */ = {isa = PBXBuildFile; fileRef = 9939FFF120842F23008348AF /* EventBrowserCell.swift */; };
		AD3A7669208D957E005CE7EC /* InterestedFriends.swift in Sources */ = {isa = PBXBuildFile; fileRef = AD3A7668208D957E005CE7EC /* InterestedFriends.swift */; };
		AD728ED6208983F10046860A /* FriendsList.swift in Sources */ = {isa = PBXBuildFile; fileRef = AD728ED5208983F10046860A /* FriendsList.swift */; };
		ADC7D7CA2086DEB300547CC1 /* EventClass.swift in Sources */ = {isa = PBXBuildFile; fileRef = ADC7D7C92086DEB300547CC1 /* EventClass.swift */; };
/* End PBXBuildFile section */

/* Begin PBXContainerItemProxy section */
		8232B7DE207AC56300D0C5AF /* PBXContainerItemProxy */ = {
			isa = PBXContainerItemProxy;
			containerPortal = 8232B7C1207AC56200D0C5AF /* Project object */;
			proxyType = 1;
			remoteGlobalIDString = 8232B7C8207AC56200D0C5AF;
			remoteInfo = TreeToTree;
		};
		8232B7E9207AC56300D0C5AF /* PBXContainerItemProxy */ = {
			isa = PBXContainerItemProxy;
			containerPortal = 8232B7C1207AC56200D0C5AF /* Project object */;
			proxyType = 1;
			remoteGlobalIDString = 8232B7C8207AC56200D0C5AF;
			remoteInfo = TreeToTree;
		};
/* End PBXContainerItemProxy section */

/* Begin PBXFileReference section */
		8232B7C9207AC56200D0C5AF /* TreeToTree.app */ = {isa = PBXFileReference; explicitFileType = wrapper.application; includeInIndex = 0; path = TreeToTree.app; sourceTree = BUILT_PRODUCTS_DIR; };
		8232B7CC207AC56200D0C5AF /* AppDelegate.swift */ = {isa = PBXFileReference; lastKnownFileType = sourcecode.swift; path = AppDelegate.swift; sourceTree = "<group>"; };
		8232B7CE207AC56200D0C5AF /* InitialViewController.swift */ = {isa = PBXFileReference; lastKnownFileType = sourcecode.swift; path = InitialViewController.swift; sourceTree = "<group>"; };
		8232B7D1207AC56200D0C5AF /* Base */ = {isa = PBXFileReference; lastKnownFileType = file.storyboard; name = Base; path = Base.lproj/Main.storyboard; sourceTree = "<group>"; };
		8232B7D3207AC56200D0C5AF /* Assets.xcassets */ = {isa = PBXFileReference; lastKnownFileType = folder.assetcatalog; path = Assets.xcassets; sourceTree = "<group>"; };
		8232B7D6207AC56200D0C5AF /* Base */ = {isa = PBXFileReference; lastKnownFileType = file.storyboard; name = Base; path = Base.lproj/LaunchScreen.storyboard; sourceTree = "<group>"; };
		8232B7D8207AC56200D0C5AF /* Info.plist */ = {isa = PBXFileReference; lastKnownFileType = text.plist.xml; path = Info.plist; sourceTree = "<group>"; };
		8232B7DD207AC56300D0C5AF /* TreeToTreeTests.xctest */ = {isa = PBXFileReference; explicitFileType = wrapper.cfbundle; includeInIndex = 0; path = TreeToTreeTests.xctest; sourceTree = BUILT_PRODUCTS_DIR; };
		8232B7E1207AC56300D0C5AF /* TreeToTreeTests.swift */ = {isa = PBXFileReference; lastKnownFileType = sourcecode.swift; path = TreeToTreeTests.swift; sourceTree = "<group>"; };
		8232B7E3207AC56300D0C5AF /* Info.plist */ = {isa = PBXFileReference; lastKnownFileType = text.plist.xml; path = Info.plist; sourceTree = "<group>"; };
		8232B7E8207AC56300D0C5AF /* TreeToTreeUITests.xctest */ = {isa = PBXFileReference; explicitFileType = wrapper.cfbundle; includeInIndex = 0; path = TreeToTreeUITests.xctest; sourceTree = BUILT_PRODUCTS_DIR; };
		8232B7EC207AC56300D0C5AF /* TreeToTreeUITests.swift */ = {isa = PBXFileReference; lastKnownFileType = sourcecode.swift; path = TreeToTreeUITests.swift; sourceTree = "<group>"; };
		8232B7EE207AC56300D0C5AF /* Info.plist */ = {isa = PBXFileReference; lastKnownFileType = text.plist.xml; path = Info.plist; sourceTree = "<group>"; };
		9939FFEB2083FE17008348AF /* EventPageViewController.swift */ = {isa = PBXFileReference; lastKnownFileType = sourcecode.swift; path = EventPageViewController.swift; sourceTree = "<group>"; };
		9939FFED20840487008348AF /* EventBrowserController.swift */ = {isa = PBXFileReference; lastKnownFileType = sourcecode.swift; path = EventBrowserController.swift; sourceTree = "<group>"; };
		9939FFF120842F23008348AF /* EventBrowserCell.swift */ = {isa = PBXFileReference; lastKnownFileType = sourcecode.swift; path = EventBrowserCell.swift; sourceTree = "<group>"; };
		AD3A7668208D957E005CE7EC /* InterestedFriends.swift */ = {isa = PBXFileReference; lastKnownFileType = sourcecode.swift; path = InterestedFriends.swift; sourceTree = "<group>"; };
		AD728ED5208983F10046860A /* FriendsList.swift */ = {isa = PBXFileReference; lastKnownFileType = sourcecode.swift; path = FriendsList.swift; sourceTree = "<group>"; };
		ADC7D7C92086DEB300547CC1 /* EventClass.swift */ = {isa = PBXFileReference; lastKnownFileType = sourcecode.swift; path = EventClass.swift; sourceTree = "<group>"; };
/* End PBXFileReference section */

/* Begin PBXFrameworksBuildPhase section */
		8232B7C6207AC56200D0C5AF /* Frameworks */ = {
			isa = PBXFrameworksBuildPhase;
			buildActionMask = 2147483647;
			files = (
			);
			runOnlyForDeploymentPostprocessing = 0;
		};
		8232B7DA207AC56300D0C5AF /* Frameworks */ = {
			isa = PBXFrameworksBuildPhase;
			buildActionMask = 2147483647;
			files = (
			);
			runOnlyForDeploymentPostprocessing = 0;
		};
		8232B7E5207AC56300D0C5AF /* Frameworks */ = {
			isa = PBXFrameworksBuildPhase;
			buildActionMask = 2147483647;
			files = (
			);
			runOnlyForDeploymentPostprocessing = 0;
		};
/* End PBXFrameworksBuildPhase section */

/* Begin PBXGroup section */
		8232B7C0207AC56200D0C5AF = {
			isa = PBXGroup;
			children = (
				8232B7CB207AC56200D0C5AF /* TreeToTree */,
				8232B7E0207AC56300D0C5AF /* TreeToTreeTests */,
				8232B7EB207AC56300D0C5AF /* TreeToTreeUITests */,
				8232B7CA207AC56200D0C5AF /* Products */,
			);
			sourceTree = "<group>";
		};
		8232B7CA207AC56200D0C5AF /* Products */ = {
			isa = PBXGroup;
			children = (
				8232B7C9207AC56200D0C5AF /* TreeToTree.app */,
				8232B7DD207AC56300D0C5AF /* TreeToTreeTests.xctest */,
				8232B7E8207AC56300D0C5AF /* TreeToTreeUITests.xctest */,
			);
			name = Products;
			sourceTree = "<group>";
		};
		8232B7CB207AC56200D0C5AF /* TreeToTree */ = {
			isa = PBXGroup;
			children = (
				AD3A7668208D957E005CE7EC /* InterestedFriends.swift */,
				8232B7CC207AC56200D0C5AF /* AppDelegate.swift */,
				8232B7CE207AC56200D0C5AF /* InitialViewController.swift */,
				8232B7D0207AC56200D0C5AF /* Main.storyboard */,
				9939FFF120842F23008348AF /* EventBrowserCell.swift */,
				9939FFED20840487008348AF /* EventBrowserController.swift */,
				ADC7D7C92086DEB300547CC1 /* EventClass.swift */,
				AD728ED5208983F10046860A /* FriendsList.swift */,
				9939FFEB2083FE17008348AF /* EventPageViewController.swift */,
				8232B7D3207AC56200D0C5AF /* Assets.xcassets */,
				8232B7D5207AC56200D0C5AF /* LaunchScreen.storyboard */,
				8232B7D8207AC56200D0C5AF /* Info.plist */,
			);
			path = TreeToTree;
			sourceTree = "<group>";
		};
		8232B7E0207AC56300D0C5AF /* TreeToTreeTests */ = {
			isa = PBXGroup;
			children = (
				8232B7E1207AC56300D0C5AF /* TreeToTreeTests.swift */,
				8232B7E3207AC56300D0C5AF /* Info.plist */,
			);
			path = TreeToTreeTests;
			sourceTree = "<group>";
		};
		8232B7EB207AC56300D0C5AF /* TreeToTreeUITests */ = {
			isa = PBXGroup;
			children = (
				8232B7EC207AC56300D0C5AF /* TreeToTreeUITests.swift */,
				8232B7EE207AC56300D0C5AF /* Info.plist */,
			);
			path = TreeToTreeUITests;
			sourceTree = "<group>";
		};
/* End PBXGroup section */

/* Begin PBXNativeTarget section */
		8232B7C8207AC56200D0C5AF /* TreeToTree */ = {
			isa = PBXNativeTarget;
			buildConfigurationList = 8232B7F1207AC56300D0C5AF /* Build configuration list for PBXNativeTarget "TreeToTree" */;
			buildPhases = (
				8232B7C5207AC56200D0C5AF /* Sources */,
				8232B7C6207AC56200D0C5AF /* Frameworks */,
				8232B7C7207AC56200D0C5AF /* Resources */,
			);
			buildRules = (
			);
			dependencies = (
			);
			name = TreeToTree;
			productName = TreeToTree;
			productReference = 8232B7C9207AC56200D0C5AF /* TreeToTree.app */;
			productType = "com.apple.product-type.application";
		};
		8232B7DC207AC56300D0C5AF /* TreeToTreeTests */ = {
			isa = PBXNativeTarget;
			buildConfigurationList = 8232B7F4207AC56300D0C5AF /* Build configuration list for PBXNativeTarget "TreeToTreeTests" */;
			buildPhases = (
				8232B7D9207AC56300D0C5AF /* Sources */,
				8232B7DA207AC56300D0C5AF /* Frameworks */,
				8232B7DB207AC56300D0C5AF /* Resources */,
			);
			buildRules = (
			);
			dependencies = (
				8232B7DF207AC56300D0C5AF /* PBXTargetDependency */,
			);
			name = TreeToTreeTests;
			productName = TreeToTreeTests;
			productReference = 8232B7DD207AC56300D0C5AF /* TreeToTreeTests.xctest */;
			productType = "com.apple.product-type.bundle.unit-test";
		};
		8232B7E7207AC56300D0C5AF /* TreeToTreeUITests */ = {
			isa = PBXNativeTarget;
			buildConfigurationList = 8232B7F7207AC56300D0C5AF /* Build configuration list for PBXNativeTarget "TreeToTreeUITests" */;
			buildPhases = (
				8232B7E4207AC56300D0C5AF /* Sources */,
				8232B7E5207AC56300D0C5AF /* Frameworks */,
				8232B7E6207AC56300D0C5AF /* Resources */,
			);
			buildRules = (
			);
			dependencies = (
				8232B7EA207AC56300D0C5AF /* PBXTargetDependency */,
			);
			name = TreeToTreeUITests;
			productName = TreeToTreeUITests;
			productReference = 8232B7E8207AC56300D0C5AF /* TreeToTreeUITests.xctest */;
			productType = "com.apple.product-type.bundle.ui-testing";
		};
/* End PBXNativeTarget section */

/* Begin PBXProject section */
		8232B7C1207AC56200D0C5AF /* Project object */ = {
			isa = PBXProject;
			attributes = {
				LastSwiftUpdateCheck = 0830;
				LastUpgradeCheck = 0830;
				ORGANIZATIONNAME = "CS+Social Good";
				TargetAttributes = {
					8232B7C8207AC56200D0C5AF = {
						CreatedOnToolsVersion = 8.3.3;
						ProvisioningStyle = Automatic;
					};
					8232B7DC207AC56300D0C5AF = {
						CreatedOnToolsVersion = 8.3.3;
						ProvisioningStyle = Automatic;
						TestTargetID = 8232B7C8207AC56200D0C5AF;
					};
					8232B7E7207AC56300D0C5AF = {
						CreatedOnToolsVersion = 8.3.3;
						ProvisioningStyle = Automatic;
						TestTargetID = 8232B7C8207AC56200D0C5AF;
					};
				};
			};
			buildConfigurationList = 8232B7C4207AC56200D0C5AF /* Build configuration list for PBXProject "TreeToTree" */;
			compatibilityVersion = "Xcode 3.2";
			developmentRegion = English;
			hasScannedForEncodings = 0;
			knownRegions = (
				en,
				Base,
			);
			mainGroup = 8232B7C0207AC56200D0C5AF;
			productRefGroup = 8232B7CA207AC56200D0C5AF /* Products */;
			projectDirPath = "";
			projectRoot = "";
			targets = (
				8232B7C8207AC56200D0C5AF /* TreeToTree */,
				8232B7DC207AC56300D0C5AF /* TreeToTreeTests */,
				8232B7E7207AC56300D0C5AF /* TreeToTreeUITests */,
			);
		};
/* End PBXProject section */

/* Begin PBXResourcesBuildPhase section */
		8232B7C7207AC56200D0C5AF /* Resources */ = {
			isa = PBXResourcesBuildPhase;
			buildActionMask = 2147483647;
			files = (
				8232B7D7207AC56200D0C5AF /* LaunchScreen.storyboard in Resources */,
				8232B7D4207AC56200D0C5AF /* Assets.xcassets in Resources */,
				8232B7D2207AC56200D0C5AF /* Main.storyboard in Resources */,
			);
			runOnlyForDeploymentPostprocessing = 0;
		};
		8232B7DB207AC56300D0C5AF /* Resources */ = {
			isa = PBXResourcesBuildPhase;
			buildActionMask = 2147483647;
			files = (
			);
			runOnlyForDeploymentPostprocessing = 0;
		};
		8232B7E6207AC56300D0C5AF /* Resources */ = {
			isa = PBXResourcesBuildPhase;
			buildActionMask = 2147483647;
			files = (
			);
			runOnlyForDeploymentPostprocessing = 0;
		};
/* End PBXResourcesBuildPhase section */

/* Begin PBXSourcesBuildPhase section */
		8232B7C5207AC56200D0C5AF /* Sources */ = {
			isa = PBXSourcesBuildPhase;
			buildActionMask = 2147483647;
			files = (
				AD728ED6208983F10046860A /* FriendsList.swift in Sources */,
				8232B7CF207AC56200D0C5AF /* InitialViewController.swift in Sources */,
				8232B7CD207AC56200D0C5AF /* AppDelegate.swift in Sources */,
				ADC7D7CA2086DEB300547CC1 /* EventClass.swift in Sources */,
				AD3A7669208D957E005CE7EC /* InterestedFriends.swift in Sources */,
				9939FFEE20840487008348AF /* EventBrowserController.swift in Sources */,
				9939FFEC2083FE17008348AF /* EventPageViewController.swift in Sources */,
				9939FFF320842F23008348AF /* EventBrowserCell.swift in Sources */,
			);
			runOnlyForDeploymentPostprocessing = 0;
		};
		8232B7D9207AC56300D0C5AF /* Sources */ = {
			isa = PBXSourcesBuildPhase;
			buildActionMask = 2147483647;
			files = (
				8232B7E2207AC56300D0C5AF /* TreeToTreeTests.swift in Sources */,
			);
			runOnlyForDeploymentPostprocessing = 0;
		};
		8232B7E4207AC56300D0C5AF /* Sources */ = {
			isa = PBXSourcesBuildPhase;
			buildActionMask = 2147483647;
			files = (
				8232B7ED207AC56300D0C5AF /* TreeToTreeUITests.swift in Sources */,
			);
			runOnlyForDeploymentPostprocessing = 0;
		};
/* End PBXSourcesBuildPhase section */

/* Begin PBXTargetDependency section */
		8232B7DF207AC56300D0C5AF /* PBXTargetDependency */ = {
			isa = PBXTargetDependency;
			target = 8232B7C8207AC56200D0C5AF /* TreeToTree */;
			targetProxy = 8232B7DE207AC56300D0C5AF /* PBXContainerItemProxy */;
		};
		8232B7EA207AC56300D0C5AF /* PBXTargetDependency */ = {
			isa = PBXTargetDependency;
			target = 8232B7C8207AC56200D0C5AF /* TreeToTree */;
			targetProxy = 8232B7E9207AC56300D0C5AF /* PBXContainerItemProxy */;
		};
/* End PBXTargetDependency section */

/* Begin PBXVariantGroup section */
		8232B7D0207AC56200D0C5AF /* Main.storyboard */ = {
			isa = PBXVariantGroup;
			children = (
				8232B7D1207AC56200D0C5AF /* Base */,
			);
			name = Main.storyboard;
			sourceTree = "<group>";
		};
		8232B7D5207AC56200D0C5AF /* LaunchScreen.storyboard */ = {
			isa = PBXVariantGroup;
			children = (
				8232B7D6207AC56200D0C5AF /* Base */,
			);
			name = LaunchScreen.storyboard;
			sourceTree = "<group>";
		};
/* End PBXVariantGroup section */

/* Begin XCBuildConfiguration section */
		8232B7EF207AC56300D0C5AF /* Debug */ = {
			isa = XCBuildConfiguration;
			buildSettings = {
				ALWAYS_SEARCH_USER_PATHS = NO;
				CLANG_ANALYZER_NONNULL = YES;
				CLANG_ANALYZER_NUMBER_OBJECT_CONVERSION = YES_AGGRESSIVE;
				CLANG_CXX_LANGUAGE_STANDARD = "gnu++0x";
				CLANG_CXX_LIBRARY = "libc++";
				CLANG_ENABLE_MODULES = YES;
				CLANG_ENABLE_OBJC_ARC = YES;
				CLANG_WARN_BOOL_CONVERSION = YES;
				CLANG_WARN_CONSTANT_CONVERSION = YES;
				CLANG_WARN_DIRECT_OBJC_ISA_USAGE = YES_ERROR;
				CLANG_WARN_DOCUMENTATION_COMMENTS = YES;
				CLANG_WARN_EMPTY_BODY = YES;
				CLANG_WARN_ENUM_CONVERSION = YES;
				CLANG_WARN_INFINITE_RECURSION = YES;
				CLANG_WARN_INT_CONVERSION = YES;
				CLANG_WARN_OBJC_ROOT_CLASS = YES_ERROR;
				CLANG_WARN_SUSPICIOUS_MOVE = YES;
				CLANG_WARN_UNREACHABLE_CODE = YES;
				CLANG_WARN__DUPLICATE_METHOD_MATCH = YES;
				"CODE_SIGN_IDENTITY[sdk=iphoneos*]" = "iPhone Developer";
				COPY_PHASE_STRIP = NO;
				DEBUG_INFORMATION_FORMAT = dwarf;
				ENABLE_STRICT_OBJC_MSGSEND = YES;
				ENABLE_TESTABILITY = YES;
				GCC_C_LANGUAGE_STANDARD = gnu99;
				GCC_DYNAMIC_NO_PIC = NO;
				GCC_NO_COMMON_BLOCKS = YES;
				GCC_OPTIMIZATION_LEVEL = 0;
				GCC_PREPROCESSOR_DEFINITIONS = (
					"DEBUG=1",
					"$(inherited)",
				);
				GCC_WARN_64_TO_32_BIT_CONVERSION = YES;
				GCC_WARN_ABOUT_RETURN_TYPE = YES_ERROR;
				GCC_WARN_UNDECLARED_SELECTOR = YES;
				GCC_WARN_UNINITIALIZED_AUTOS = YES_AGGRESSIVE;
				GCC_WARN_UNUSED_FUNCTION = YES;
				GCC_WARN_UNUSED_VARIABLE = YES;
				IPHONEOS_DEPLOYMENT_TARGET = 10.3;
				MTL_ENABLE_DEBUG_INFO = YES;
				ONLY_ACTIVE_ARCH = YES;
				SDKROOT = iphoneos;
				SWIFT_ACTIVE_COMPILATION_CONDITIONS = DEBUG;
				SWIFT_OPTIMIZATION_LEVEL = "-Onone";
				TARGETED_DEVICE_FAMILY = "1,2";
			};
			name = Debug;
		};
		8232B7F0207AC56300D0C5AF /* Release */ = {
			isa = XCBuildConfiguration;
			buildSettings = {
				ALWAYS_SEARCH_USER_PATHS = NO;
				CLANG_ANALYZER_NONNULL = YES;
				CLANG_ANALYZER_NUMBER_OBJECT_CONVERSION = YES_AGGRESSIVE;
				CLANG_CXX_LANGUAGE_STANDARD = "gnu++0x";
				CLANG_CXX_LIBRARY = "libc++";
				CLANG_ENABLE_MODULES = YES;
				CLANG_ENABLE_OBJC_ARC = YES;
				CLANG_WARN_BOOL_CONVERSION = YES;
				CLANG_WARN_CONSTANT_CONVERSION = YES;
				CLANG_WARN_DIRECT_OBJC_ISA_USAGE = YES_ERROR;
				CLANG_WARN_DOCUMENTATION_COMMENTS = YES;
				CLANG_WARN_EMPTY_BODY = YES;
				CLANG_WARN_ENUM_CONVERSION = YES;
				CLANG_WARN_INFINITE_RECURSION = YES;
				CLANG_WARN_INT_CONVERSION = YES;
				CLANG_WARN_OBJC_ROOT_CLASS = YES_ERROR;
				CLANG_WARN_SUSPICIOUS_MOVE = YES;
				CLANG_WARN_UNREACHABLE_CODE = YES;
				CLANG_WARN__DUPLICATE_METHOD_MATCH = YES;
				"CODE_SIGN_IDENTITY[sdk=iphoneos*]" = "iPhone Developer";
				COPY_PHASE_STRIP = NO;
				DEBUG_INFORMATION_FORMAT = "dwarf-with-dsym";
				ENABLE_NS_ASSERTIONS = NO;
				ENABLE_STRICT_OBJC_MSGSEND = YES;
				GCC_C_LANGUAGE_STANDARD = gnu99;
				GCC_NO_COMMON_BLOCKS = YES;
				GCC_WARN_64_TO_32_BIT_CONVERSION = YES;
				GCC_WARN_ABOUT_RETURN_TYPE = YES_ERROR;
				GCC_WARN_UNDECLARED_SELECTOR = YES;
				GCC_WARN_UNINITIALIZED_AUTOS = YES_AGGRESSIVE;
				GCC_WARN_UNUSED_FUNCTION = YES;
				GCC_WARN_UNUSED_VARIABLE = YES;
				IPHONEOS_DEPLOYMENT_TARGET = 10.3;
				MTL_ENABLE_DEBUG_INFO = NO;
				SDKROOT = iphoneos;
				SWIFT_OPTIMIZATION_LEVEL = "-Owholemodule";
				TARGETED_DEVICE_FAMILY = "1,2";
				VALIDATE_PRODUCT = YES;
			};
			name = Release;
		};
		8232B7F2207AC56300D0C5AF /* Debug */ = {
			isa = XCBuildConfiguration;
			buildSettings = {
				ASSETCATALOG_COMPILER_APPICON_NAME = AppIcon;
				INFOPLIST_FILE = TreeToTree/Info.plist;
				LD_RUNPATH_SEARCH_PATHS = "$(inherited) @executable_path/Frameworks";
				PRODUCT_BUNDLE_IDENTIFIER = CSSG.TreeToTree;
				PRODUCT_NAME = "$(TARGET_NAME)";
				SWIFT_VERSION = 3.0;
			};
			name = Debug;
		};
		8232B7F3207AC56300D0C5AF /* Release */ = {
			isa = XCBuildConfiguration;
			buildSettings = {
				ASSETCATALOG_COMPILER_APPICON_NAME = AppIcon;
				INFOPLIST_FILE = TreeToTree/Info.plist;
				LD_RUNPATH_SEARCH_PATHS = "$(inherited) @executable_path/Frameworks";
				PRODUCT_BUNDLE_IDENTIFIER = CSSG.TreeToTree;
				PRODUCT_NAME = "$(TARGET_NAME)";
				SWIFT_VERSION = 3.0;
			};
			name = Release;
		};
		8232B7F5207AC56300D0C5AF /* Debug */ = {
			isa = XCBuildConfiguration;
			buildSettings = {
				ALWAYS_EMBED_SWIFT_STANDARD_LIBRARIES = YES;
				BUNDLE_LOADER = "$(TEST_HOST)";
				INFOPLIST_FILE = TreeToTreeTests/Info.plist;
				LD_RUNPATH_SEARCH_PATHS = "$(inherited) @executable_path/Frameworks @loader_path/Frameworks";
				PRODUCT_BUNDLE_IDENTIFIER = CSSG.TreeToTreeTests;
				PRODUCT_NAME = "$(TARGET_NAME)";
				SWIFT_VERSION = 3.0;
				TEST_HOST = "$(BUILT_PRODUCTS_DIR)/TreeToTree.app/TreeToTree";
			};
			name = Debug;
		};
		8232B7F6207AC56300D0C5AF /* Release */ = {
			isa = XCBuildConfiguration;
			buildSettings = {
				ALWAYS_EMBED_SWIFT_STANDARD_LIBRARIES = YES;
				BUNDLE_LOADER = "$(TEST_HOST)";
				INFOPLIST_FILE = TreeToTreeTests/Info.plist;
				LD_RUNPATH_SEARCH_PATHS = "$(inherited) @executable_path/Frameworks @loader_path/Frameworks";
				PRODUCT_BUNDLE_IDENTIFIER = CSSG.TreeToTreeTests;
				PRODUCT_NAME = "$(TARGET_NAME)";
				SWIFT_VERSION = 3.0;
				TEST_HOST = "$(BUILT_PRODUCTS_DIR)/TreeToTree.app/TreeToTree";
			};
			name = Release;
		};
		8232B7F8207AC56300D0C5AF /* Debug */ = {
			isa = XCBuildConfiguration;
			buildSettings = {
				ALWAYS_EMBED_SWIFT_STANDARD_LIBRARIES = YES;
				INFOPLIST_FILE = TreeToTreeUITests/Info.plist;
				LD_RUNPATH_SEARCH_PATHS = "$(inherited) @executable_path/Frameworks @loader_path/Frameworks";
				PRODUCT_BUNDLE_IDENTIFIER = CSSG.TreeToTreeUITests;
				PRODUCT_NAME = "$(TARGET_NAME)";
				SWIFT_VERSION = 3.0;
				TEST_TARGET_NAME = TreeToTree;
			};
			name = Debug;
		};
		8232B7F9207AC56300D0C5AF /* Release */ = {
			isa = XCBuildConfiguration;
			buildSettings = {
				ALWAYS_EMBED_SWIFT_STANDARD_LIBRARIES = YES;
				INFOPLIST_FILE = TreeToTreeUITests/Info.plist;
				LD_RUNPATH_SEARCH_PATHS = "$(inherited) @executable_path/Frameworks @loader_path/Frameworks";
				PRODUCT_BUNDLE_IDENTIFIER = CSSG.TreeToTreeUITests;
				PRODUCT_NAME = "$(TARGET_NAME)";
				SWIFT_VERSION = 3.0;
				TEST_TARGET_NAME = TreeToTree;
			};
			name = Release;
		};
/* End XCBuildConfiguration section */

/* Begin XCConfigurationList section */
		8232B7C4207AC56200D0C5AF /* Build configuration list for PBXProject "TreeToTree" */ = {
			isa = XCConfigurationList;
			buildConfigurations = (
				8232B7EF207AC56300D0C5AF /* Debug */,
				8232B7F0207AC56300D0C5AF /* Release */,
			);
			defaultConfigurationIsVisible = 0;
			defaultConfigurationName = Release;
		};
		8232B7F1207AC56300D0C5AF /* Build configuration list for PBXNativeTarget "TreeToTree" */ = {
			isa = XCConfigurationList;
			buildConfigurations = (
				8232B7F2207AC56300D0C5AF /* Debug */,
				8232B7F3207AC56300D0C5AF /* Release */,
			);
			defaultConfigurationIsVisible = 0;
			defaultConfigurationName = Release;
		};
		8232B7F4207AC56300D0C5AF /* Build configuration list for PBXNativeTarget "TreeToTreeTests" */ = {
			isa = XCConfigurationList;
			buildConfigurations = (
				8232B7F5207AC56300D0C5AF /* Debug */,
				8232B7F6207AC56300D0C5AF /* Release */,
			);
			defaultConfigurationIsVisible = 0;
			defaultConfigurationName = Release;
		};
		8232B7F7207AC56300D0C5AF /* Build configuration list for PBXNativeTarget "TreeToTreeUITests" */ = {
			isa = XCConfigurationList;
			buildConfigurations = (
				8232B7F8207AC56300D0C5AF /* Debug */,
				8232B7F9207AC56300D0C5AF /* Release */,
			);
			defaultConfigurationIsVisible = 0;
			defaultConfigurationName = Release;
		};
/* End XCConfigurationList section */
	};
	rootObject = 8232B7C1207AC56200D0C5AF /* Project object */;
}
